{
  "version": "5",
  "specifiers": {
    "npm:hono@4": "4.12.27",
    "npm:marked@15": "15.0.12"
  },
  "npm": {
    "hono@4.12.27": {
      "integrity": "sha512-1yrb/+w6HWQJrUCLkJ2IF5jNIPvvFkblV5RNOYl6bV+OA6p9GLcMpHFFGTosSvHvcAUibuUukRqhlYI4z32C7Q==",
      "tarball": "https://registry.npmmirror.com/hono/-/hono-4.12.27.tgz"
    },
    "marked@15.0.12": {
      "integrity": "sha512-8dD6FusOQSrpv9Z1rdNMdlSgQOIP880DHqnohobOmYLElGEqAL/JvxvuxZO16r4HtjTlfPRDC1hbvxC9dPN2nA==",
      "bin": true,
      "tarball": "https://registry.npmmirror.com/marked/-/marked-15.0.12.tgz"
    }
  },
  "workspace": {
    "dependencies": [
      "npm:hono@4",
      "npm:marked@15"
    ]
  }
}
